
Microsoft Visual Studio Solution File, Format Version 12.00
# Visual Studio 2015
Project("{FAE04EC0-301F-11D3-BF4B-00C04F79EFBC}") = "md2u.CSharp", "md2u.CSharp.csproj", "{2137095E-F21E-2680-7063-A20E86068303}"
EndProject
Project("{FAE04EC0-301F-11D3-BF4B-00C04F79EFBC}") = "md2u.CSharp.Editor", "md2u.CSharp.Editor.csproj", "{02A3C041-CD74-1FCD-AC87-E2B66D76F344}"
EndProject
Global
	GlobalSection(SolutionConfigurationPlatforms) = preSolution
		Debug|Any CPU = Debug|Any CPU
		Release|Any CPU = Release|Any CPU
	EndGlobalSection
	GlobalSection(ProjectConfigurationPlatforms) = postSolution
		{2137095E-F21E-2680-7063-A20E86068303}.Debug|Any CPU.ActiveCfg = Debug|Any CPU
		{2137095E-F21E-2680-7063-A20E86068303}.Debug|Any CPU.Build.0 = Debug|Any CPU
		{2137095E-F21E-2680-7063-A20E86068303}.Release|Any CPU.ActiveCfg = Release|Any CPU
		{2137095E-F21E-2680-7063-A20E86068303}.Release|Any CPU.Build.0 = Release|Any CPU
		{02A3C041-CD74-1FCD-AC87-E2B66D76F344}.Debug|Any CPU.ActiveCfg = Debug|Any CPU
		{02A3C041-CD74-1FCD-AC87-E2B66D76F344}.Debug|Any CPU.Build.0 = Debug|Any CPU
		{02A3C041-CD74-1FCD-AC87-E2B66D76F344}.Release|Any CPU.ActiveCfg = Release|Any CPU
		{02A3C041-CD74-1FCD-AC87-E2B66D76F344}.Release|Any CPU.Build.0 = Release|Any CPU
	EndGlobalSection
	GlobalSection(SolutionProperties) = preSolution
		HideSolutionNode = FALSE
	EndGlobalSection
EndGlobal
